
Microsoft Visual Studio Solution File, Format Version 12.00
# Visual Studio Version 16
VisualStudioVersion = 16.0.32228.343
MinimumVisualStudioVersion = 10.0.40219.1
Project("{9A19103F-16F7-4668-BE54-9A1E7A4F7556}") = "QALight_Task_1", "QALight_Task_1\QALight_Task_1.csproj", "{3C0FE522-9AAF-4CD5-8042-6B1DA6F4D50A}"
EndProject
Project("{9A19103F-16F7-4668-BE54-9A1E7A4F7556}") = "QALight_Task_2", "QALight_Task_2\QALight_Task_2.csproj", "{A02D3BB5-8A01-49B7-96CF-01A8E1CCDE31}"
EndProject
Project("{9A19103F-16F7-4668-BE54-9A1E7A4F7556}") = "QALight_Task_3", "QALight_Task_3\QALight_Task_3.csproj", "{4FD63278-CC5A-473F-B3A2-926AA6C34CD3}"
EndProject
Project("{FAE04EC0-301F-11D3-BF4B-00C04F79EFBC}") = "QALight_Task_4", "QALight_Task_4\QALight_Task_4.csproj", "{EC0F7393-1752-47DE-9CED-FB6501755D04}"
EndProject
Global
	GlobalSection(SolutionConfigurationPlatforms) = preSolution
		Debug|Any CPU = Debug|Any CPU
		Release|Any CPU = Release|Any CPU
	EndGlobalSection
	GlobalSection(ProjectConfigurationPlatforms) = postSolution
		{3C0FE522-9AAF-4CD5-8042-6B1DA6F4D50A}.Debug|Any CPU.ActiveCfg = Debug|Any CPU
		{3C0FE522-9AAF-4CD5-8042-6B1DA6F4D50A}.Debug|Any CPU.Build.0 = Debug|Any CPU
		{3C0FE522-9AAF-4CD5-8042-6B1DA6F4D50A}.Release|Any CPU.ActiveCfg = Release|Any CPU
		{3C0FE522-9AAF-4CD5-8042-6B1DA6F4D50A}.Release|Any CPU.Build.0 = Release|Any CPU
		{A02D3BB5-8A01-49B7-96CF-01A8E1CCDE31}.Debug|Any CPU.ActiveCfg = Debug|Any CPU
		{A02D3BB5-8A01-49B7-96CF-01A8E1CCDE31}.Debug|Any CPU.Build.0 = Debug|Any CPU
		{A02D3BB5-8A01-49B7-96CF-01A8E1CCDE31}.Release|Any CPU.ActiveCfg = Release|Any CPU
		{A02D3BB5-8A01-49B7-96CF-01A8E1CCDE31}.Release|Any CPU.Build.0 = Release|Any CPU
		{4FD63278-CC5A-473F-B3A2-926AA6C34CD3}.Debug|Any CPU.ActiveCfg = Debug|Any CPU
		{4FD63278-CC5A-473F-B3A2-926AA6C34CD3}.Debug|Any CPU.Build.0 = Debug|Any CPU
		{4FD63278-CC5A-473F-B3A2-926AA6C34CD3}.Release|Any CPU.ActiveCfg = Release|Any CPU
		{4FD63278-CC5A-473F-B3A2-926AA6C34CD3}.Release|Any CPU.Build.0 = Release|Any CPU
		{EC0F7393-1752-47DE-9CED-FB6501755D04}.Debug|Any CPU.ActiveCfg = Debug|Any CPU
		{EC0F7393-1752-47DE-9CED-FB6501755D04}.Debug|Any CPU.Build.0 = Debug|Any CPU
		{EC0F7393-1752-47DE-9CED-FB6501755D04}.Release|Any CPU.ActiveCfg = Release|Any CPU
		{EC0F7393-1752-47DE-9CED-FB6501755D04}.Release|Any CPU.Build.0 = Release|Any CPU
	EndGlobalSection
	GlobalSection(SolutionProperties) = preSolution
		HideSolutionNode = FALSE
	EndGlobalSection
	GlobalSection(ExtensibilityGlobals) = postSolution
		SolutionGuid = {8C2AE3EA-662E-454C-B67F-75641C26E403}
	EndGlobalSection
EndGlobal
